
Microsoft Visual Studio Solution File, Format Version 12.00
# Visual Studio Version 17
VisualStudioVersion = 17.11.35312.102
MinimumVisualStudioVersion = 10.0.40219.1
Project("{FAE04EC0-301F-11D3-BF4B-00C04F79EFBC}") = "CrimeAnalysisReportingSystem2", "CrimeAnalysisReportingSystem2.csproj", "{7E7D1BDB-13FB-4BFC-8D04-E732EC0AC2EB}"
EndProject
Global
	GlobalSection(SolutionConfigurationPlatforms) = preSolution
		Debug|Any CPU = Debug|Any CPU
		Release|Any CPU = Release|Any CPU
	EndGlobalSection
	GlobalSection(ProjectConfigurationPlatforms) = postSolution
		{7E7D1BDB-13FB-4BFC-8D04-E732EC0AC2EB}.Debug|Any CPU.ActiveCfg = Debug|Any CPU
		{7E7D1BDB-13FB-4BFC-8D04-E732EC0AC2EB}.Debug|Any CPU.Build.0 = Debug|Any CPU
		{7E7D1BDB-13FB-4BFC-8D04-E732EC0AC2EB}.Release|Any CPU.ActiveCfg = Release|Any CPU
		{7E7D1BDB-13FB-4BFC-8D04-E732EC0AC2EB}.Release|Any CPU.Build.0 = Release|Any CPU
	EndGlobalSection
	GlobalSection(SolutionProperties) = preSolution
		HideSolutionNode = FALSE
	EndGlobalSection
	GlobalSection(ExtensibilityGlobals) = postSolution
		SolutionGuid = {DA7DBFD0-3772-4CFD-8111-35DFD2974B7E}
	EndGlobalSection
EndGlobal
